{
  "name": "hubspot-graphql-invenory-project-front-end",
  "version": "1.0.0",
  "lockfileVersion": 3,
  "requires": true,
  "packages": {
    "": {
      "name": "hubspot-graphql-invenory-project-front-end",
      "version": "1.0.0",
      "hasInstallScript": true,
      "license": "MIT"
    }
  }
}
